// !$*UTF8*$!
{
	archiveVersion = 1;
	classes = {
	};
	objectVersion = 46;
	objects = {

/* Begin PBXBuildFile section */
		7228CF3B20C601A20051313E /* main.cpp in Sources */ = {isa = PBXBuildFile; fileRef = 7228CF3A20C601A20051313E /* main.cpp */; };
		7285C3CA20C9B7B500EA3AF4 /* keypoints.cpp in Sources */ = {isa = PBXBuildFile; fileRef = 7285C3C820C9B7B500EA3AF4 /* keypoints.cpp */; };
		7285C3D120C9B80C00EA3AF4 /* ICP.cpp in Sources */ = {isa = PBXBuildFile; fileRef = 7285C3CF20C9B80C00EA3AF4 /* ICP.cpp */; };
		7285C3D420C9B88200EA3AF4 /* utilities.cpp in Sources */ = {isa = PBXBuildFile; fileRef = 7285C3D220C9B88200EA3AF4 /* utilities.cpp */; };
/* End PBXBuildFile section */

/* Begin PBXCopyFilesBuildPhase section */
		7228CF3520C601A20051313E /* CopyFiles */ = {
			isa = PBXCopyFilesBuildPhase;
			buildActionMask = 2147483647;
			dstPath = /usr/share/man/man1/;
			dstSubfolderSpec = 0;
			files = (
			);
			runOnlyForDeploymentPostprocessing = 1;
		};
/* End PBXCopyFilesBuildPhase section */

/* Begin PBXFileReference section */
		7228CF3720C601A20051313E /* pointcloud_registration */ = {isa = PBXFileReference; explicitFileType = "compiled.mach-o.executable"; includeInIndex = 0; path = pointcloud_registration; sourceTree = BUILT_PRODUCTS_DIR; };
		7228CF3A20C601A20051313E /* main.cpp */ = {isa = PBXFileReference; lastKnownFileType = sourcecode.cpp.cpp; path = main.cpp; sourceTree = "<group>"; };
		7285C3C820C9B7B500EA3AF4 /* keypoints.cpp */ = {isa = PBXFileReference; fileEncoding = 4; lastKnownFileType = sourcecode.cpp.cpp; path = keypoints.cpp; sourceTree = "<group>"; };
		7285C3C920C9B7B500EA3AF4 /* keypoints.hpp */ = {isa = PBXFileReference; fileEncoding = 4; lastKnownFileType = sourcecode.cpp.h; path = keypoints.hpp; sourceTree = "<group>"; };
		7285C3CF20C9B80C00EA3AF4 /* ICP.cpp */ = {isa = PBXFileReference; fileEncoding = 4; lastKnownFileType = sourcecode.cpp.cpp; path = ICP.cpp; sourceTree = "<group>"; };
		7285C3D020C9B80C00EA3AF4 /* ICP.hpp */ = {isa = PBXFileReference; fileEncoding = 4; lastKnownFileType = sourcecode.cpp.h; path = ICP.hpp; sourceTree = "<group>"; };
		7285C3D220C9B88200EA3AF4 /* utilities.cpp */ = {isa = PBXFileReference; fileEncoding = 4; lastKnownFileType = sourcecode.cpp.cpp; path = utilities.cpp; sourceTree = "<group>"; };
		7285C3D320C9B88200EA3AF4 /* utilities.hpp */ = {isa = PBXFileReference; fileEncoding = 4; lastKnownFileType = sourcecode.cpp.h; path = utilities.hpp; sourceTree = "<group>"; };
/* End PBXFileReference section */

/* Begin PBXFrameworksBuildPhase section */
		7228CF3420C601A20051313E /* Frameworks */ = {
			isa = PBXFrameworksBuildPhase;
			buildActionMask = 2147483647;
			files = (
			);
			runOnlyForDeploymentPostprocessing = 0;
		};
/* End PBXFrameworksBuildPhase section */

/* Begin PBXGroup section */
		7228CF2E20C601A20051313E = {
			isa = PBXGroup;
			children = (
				7228CF3920C601A20051313E /* pointcloud_registration */,
				7228CF3820C601A20051313E /* Products */,
			);
			sourceTree = "<group>";
		};
		7228CF3820C601A20051313E /* Products */ = {
			isa = PBXGroup;
			children = (
				7228CF3720C601A20051313E /* pointcloud_registration */,
			);
			name = Products;
			sourceTree = "<group>";
		};
		7228CF3920C601A20051313E /* pointcloud_registration */ = {
			isa = PBXGroup;
			children = (
				7285C3CF20C9B80C00EA3AF4 /* ICP.cpp */,
				7285C3D020C9B80C00EA3AF4 /* ICP.hpp */,
				7228CF3A20C601A20051313E /* main.cpp */,
				7285C3C820C9B7B500EA3AF4 /* keypoints.cpp */,
				7285C3C920C9B7B500EA3AF4 /* keypoints.hpp */,
				7285C3D220C9B88200EA3AF4 /* utilities.cpp */,
				7285C3D320C9B88200EA3AF4 /* utilities.hpp */,
			);
			path = pointcloud_registration;
			sourceTree = "<group>";
		};
/* End PBXGroup section */

/* Begin PBXNativeTarget section */
		7228CF3620C601A20051313E /* pointcloud_registration */ = {
			isa = PBXNativeTarget;
			buildConfigurationList = 7228CF3E20C601A20051313E /* Build configuration list for PBXNativeTarget "pointcloud_registration" */;
			buildPhases = (
				7228CF3320C601A20051313E /* Sources */,
				7228CF3420C601A20051313E /* Frameworks */,
				7228CF3520C601A20051313E /* CopyFiles */,
			);
			buildRules = (
			);
			dependencies = (
			);
			name = pointcloud_registration;
			productName = pointcloud_registration;
			productReference = 7228CF3720C601A20051313E /* pointcloud_registration */;
			productType = "com.apple.product-type.tool";
		};
/* End PBXNativeTarget section */

/* Begin PBXProject section */
		7228CF2F20C601A20051313E /* Project object */ = {
			isa = PBXProject;
			attributes = {
				LastUpgradeCheck = 0830;
				ORGANIZATIONNAME = "Allen Tang";
				TargetAttributes = {
					7228CF3620C601A20051313E = {
						CreatedOnToolsVersion = 8.3.3;
						ProvisioningStyle = Automatic;
					};
				};
			};
			buildConfigurationList = 7228CF3220C601A20051313E /* Build configuration list for PBXProject "pointcloud_registration" */;
			compatibilityVersion = "Xcode 3.2";
			developmentRegion = English;
			hasScannedForEncodings = 0;
			knownRegions = (
				en,
			);
			mainGroup = 7228CF2E20C601A20051313E;
			productRefGroup = 7228CF3820C601A20051313E /* Products */;
			projectDirPath = "";
			projectRoot = "";
			targets = (
				7228CF3620C601A20051313E /* pointcloud_registration */,
			);
		};
/* End PBXProject section */

/* Begin PBXSourcesBuildPhase section */
		7228CF3320C601A20051313E /* Sources */ = {
			isa = PBXSourcesBuildPhase;
			buildActionMask = 2147483647;
			files = (
				7285C3D120C9B80C00EA3AF4 /* ICP.cpp in Sources */,
				7285C3CA20C9B7B500EA3AF4 /* keypoints.cpp in Sources */,
				7285C3D420C9B88200EA3AF4 /* utilities.cpp in Sources */,
				7228CF3B20C601A20051313E /* main.cpp in Sources */,
			);
			runOnlyForDeploymentPostprocessing = 0;
		};
/* End PBXSourcesBuildPhase section */

/* Begin XCBuildConfiguration section */
		7228CF3C20C601A20051313E /* Debug */ = {
			isa = XCBuildConfiguration;
			buildSettings = {
				ALWAYS_SEARCH_USER_PATHS = NO;
				CLANG_ANALYZER_NONNULL = YES;
				CLANG_ANALYZER_NUMBER_OBJECT_CONVERSION = YES_AGGRESSIVE;
				CLANG_CXX_LANGUAGE_STANDARD = "gnu++0x";
				CLANG_CXX_LIBRARY = "libc++";
				CLANG_ENABLE_MODULES = YES;
				CLANG_ENABLE_OBJC_ARC = YES;
				CLANG_WARN_BOOL_CONVERSION = YES;
				CLANG_WARN_CONSTANT_CONVERSION = YES;
				CLANG_WARN_DIRECT_OBJC_ISA_USAGE = YES_ERROR;
				CLANG_WARN_DOCUMENTATION_COMMENTS = YES;
				CLANG_WARN_EMPTY_BODY = YES;
				CLANG_WARN_ENUM_CONVERSION = YES;
				CLANG_WARN_INFINITE_RECURSION = YES;
				CLANG_WARN_INT_CONVERSION = YES;
				CLANG_WARN_OBJC_ROOT_CLASS = YES_ERROR;
				CLANG_WARN_SUSPICIOUS_MOVE = YES;
				CLANG_WARN_UNREACHABLE_CODE = YES;
				CLANG_WARN__DUPLICATE_METHOD_MATCH = YES;
				CODE_SIGN_IDENTITY = "-";
				COPY_PHASE_STRIP = NO;
				DEBUG_INFORMATION_FORMAT = dwarf;
				ENABLE_STRICT_OBJC_MSGSEND = YES;
				ENABLE_TESTABILITY = YES;
				GCC_C_LANGUAGE_STANDARD = gnu99;
				GCC_DYNAMIC_NO_PIC = NO;
				GCC_NO_COMMON_BLOCKS = YES;
				GCC_OPTIMIZATION_LEVEL = 0;
				GCC_PREPROCESSOR_DEFINITIONS = (
					"DEBUG=1",
					"$(inherited)",
				);
				GCC_WARN_64_TO_32_BIT_CONVERSION = YES;
				GCC_WARN_ABOUT_RETURN_TYPE = YES_ERROR;
				GCC_WARN_UNDECLARED_SELECTOR = YES;
				GCC_WARN_UNINITIALIZED_AUTOS = YES_AGGRESSIVE;
				GCC_WARN_UNUSED_FUNCTION = YES;
				GCC_WARN_UNUSED_VARIABLE = YES;
				MACOSX_DEPLOYMENT_TARGET = 10.12;
				MTL_ENABLE_DEBUG_INFO = YES;
				ONLY_ACTIVE_ARCH = YES;
				SDKROOT = macosx;
			};
			name = Debug;
		};
		7228CF3D20C601A20051313E /* Release */ = {
			isa = XCBuildConfiguration;
			buildSettings = {
				ALWAYS_SEARCH_USER_PATHS = NO;
				CLANG_ANALYZER_NONNULL = YES;
				CLANG_ANALYZER_NUMBER_OBJECT_CONVERSION = YES_AGGRESSIVE;
				CLANG_CXX_LANGUAGE_STANDARD = "gnu++0x";
				CLANG_CXX_LIBRARY = "libc++";
				CLANG_ENABLE_MODULES = YES;
				CLANG_ENABLE_OBJC_ARC = YES;
				CLANG_WARN_BOOL_CONVERSION = YES;
				CLANG_WARN_CONSTANT_CONVERSION = YES;
				CLANG_WARN_DIRECT_OBJC_ISA_USAGE = YES_ERROR;
				CLANG_WARN_DOCUMENTATION_COMMENTS = YES;
				CLANG_WARN_EMPTY_BODY = YES;
				CLANG_WARN_ENUM_CONVERSION = YES;
				CLANG_WARN_INFINITE_RECURSION = YES;
				CLANG_WARN_INT_CONVERSION = YES;
				CLANG_WARN_OBJC_ROOT_CLASS = YES_ERROR;
				CLANG_WARN_SUSPICIOUS_MOVE = YES;
				CLANG_WARN_UNREACHABLE_CODE = YES;
				CLANG_WARN__DUPLICATE_METHOD_MATCH = YES;
				CODE_SIGN_IDENTITY = "-";
				COPY_PHASE_STRIP = NO;
				DEBUG_INFORMATION_FORMAT = "dwarf-with-dsym";
				ENABLE_NS_ASSERTIONS = NO;
				ENABLE_STRICT_OBJC_MSGSEND = YES;
				GCC_C_LANGUAGE_STANDARD = gnu99;
				GCC_NO_COMMON_BLOCKS = YES;
				GCC_WARN_64_TO_32_BIT_CONVERSION = YES;
				GCC_WARN_ABOUT_RETURN_TYPE = YES_ERROR;
				GCC_WARN_UNDECLARED_SELECTOR = YES;
				GCC_WARN_UNINITIALIZED_AUTOS = YES_AGGRESSIVE;
				GCC_WARN_UNUSED_FUNCTION = YES;
				GCC_WARN_UNUSED_VARIABLE = YES;
				MACOSX_DEPLOYMENT_TARGET = 10.12;
				MTL_ENABLE_DEBUG_INFO = NO;
				SDKROOT = macosx;
			};
			name = Release;
		};
		7228CF3F20C601A20051313E /* Debug */ = {
			isa = XCBuildConfiguration;
			buildSettings = {
				HEADER_SEARCH_PATHS = (
					"/usr/local/Cellar/pcl/1.8.1_3/include/pcl-1.8",
					/usr/local/Cellar/eigen/3.3.4/include/eigen3,
					/usr/local/Cellar/boost/1.67.0_1/include,
					"/usr/local/Cellar/vtk/8.1.0_2/include/vtk-8.1",
					/usr/local/Cellar/flann/1.9.1_4/include,
				);
				LIBRARY_SEARCH_PATHS = (
					/usr/local/Cellar/pcl/1.8.1_3/lib,
					/usr/local/Cellar/boost/1.67.0_1/lib,
					/usr/local/Cellar/vtk/8.1.0_2/lib,
					/usr/local/Cellar/flann/1.9.1_4/lib,
				);
				OTHER_LDFLAGS = (
					"-lpcl_common",
					"-lpcl_sample_consensus",
					"-lpcl_search",
					"-lpcl_kdtree",
					"-lflann",
					"-lflann_cpp",
					"-lpcl_octree",
					"-lpcl_io",
					"-lpcl_visualization",
					"-lboost_system",
					"-lpcl_keypoints",
					"-lpcl_ml",
					"-lpcl_features",
					"-lpcl_filters",
					"-lpcl_segmentation",
				);
				PRODUCT_NAME = "$(TARGET_NAME)";
			};
			name = Debug;
		};
		7228CF4020C601A20051313E /* Release */ = {
			isa = XCBuildConfiguration;
			buildSettings = {
				HEADER_SEARCH_PATHS = (
					"/usr/local/Cellar/pcl/1.8.1_3/include/pcl-1.8",
					/usr/local/Cellar/eigen/3.3.4/include/eigen3,
					/usr/local/Cellar/boost/1.67.0_1/include,
					"/usr/local/Cellar/vtk/8.1.0_2/include/vtk-8.1",
					/usr/local/Cellar/flann/1.9.1_4/include,
				);
				LIBRARY_SEARCH_PATHS = (
					/usr/local/Cellar/pcl/1.8.1_3/lib,
					/usr/local/Cellar/boost/1.67.0_1/lib,
					/usr/local/Cellar/vtk/8.1.0_2/lib,
					/usr/local/Cellar/flann/1.9.1_4/lib,
				);
				OTHER_LDFLAGS = (
					"-lpcl_common",
					"-lpcl_sample_consensus",
					"-lpcl_search",
					"-lpcl_kdtree",
					"-lflann",
					"-lflann_cpp",
					"-lpcl_octree",
					"-lpcl_io",
					"-lpcl_visualization",
					"-lboost_system",
					"-lpcl_keypoints",
					"-lpcl_ml",
					"-lpcl_features",
					"-lpcl_filters",
					"-lpcl_segmentation",
				);
				PRODUCT_NAME = "$(TARGET_NAME)";
			};
			name = Release;
		};
/* End XCBuildConfiguration section */

/* Begin XCConfigurationList section */
		7228CF3220C601A20051313E /* Build configuration list for PBXProject "pointcloud_registration" */ = {
			isa = XCConfigurationList;
			buildConfigurations = (
				7228CF3C20C601A20051313E /* Debug */,
				7228CF3D20C601A20051313E /* Release */,
			);
			defaultConfigurationIsVisible = 0;
			defaultConfigurationName = Release;
		};
		7228CF3E20C601A20051313E /* Build configuration list for PBXNativeTarget "pointcloud_registration" */ = {
			isa = XCConfigurationList;
			buildConfigurations = (
				7228CF3F20C601A20051313E /* Debug */,
				7228CF4020C601A20051313E /* Release */,
			);
			defaultConfigurationIsVisible = 0;
			defaultConfigurationName = Release;
		};
/* End XCConfigurationList section */
	};
	rootObject = 7228CF2F20C601A20051313E /* Project object */;
}
